// !$*UTF8*$!
{
	archiveVersion = 1;
	classes = {
	};
	objectVersion = 56;
	objects = {

/* Begin PBXBuildFile section */
		171575072963FBE10004F2F8 /* CheckoutVIew.swift in Sources */ = {isa = PBXBuildFile; fileRef = 171575062963FBE10004F2F8 /* CheckoutVIew.swift */; };
		1715750D296428990004F2F8 /* ToastView.swift in Sources */ = {isa = PBXBuildFile; fileRef = 1715750C296428990004F2F8 /* ToastView.swift */; };
		171B402F29CD732400743095 /* SeatInventoryModel.swift in Sources */ = {isa = PBXBuildFile; fileRef = 171B402E29CD732400743095 /* SeatInventoryModel.swift */; };
		171B403129CDCA0D00743095 /* QRSubView.swift in Sources */ = {isa = PBXBuildFile; fileRef = 171B403029CDCA0D00743095 /* QRSubView.swift */; };
		1724EEA829CC6DDB00930830 /* UpdatePaymentStatusModel.swift in Sources */ = {isa = PBXBuildFile; fileRef = 1724EEA729CC6DDB00930830 /* UpdatePaymentStatusModel.swift */; };
		1733F8E229CAFBBF00D97F2E /* SessionManager.swift in Sources */ = {isa = PBXBuildFile; fileRef = 1733F8E129CAFBBF00D97F2E /* SessionManager.swift */; };
		1733F8E529CB1AD300D97F2E /* PaymentSuccessAlertViewModel.swift in Sources */ = {isa = PBXBuildFile; fileRef = 1733F8E429CB1AD300D97F2E /* PaymentSuccessAlertViewModel.swift */; };
		1733F8E829CB1CB100D97F2E /* QRModelData.swift in Sources */ = {isa = PBXBuildFile; fileRef = 1733F8E729CB1CB100D97F2E /* QRModelData.swift */; };
		173A59AF29B0732C0037AF51 /* Loader.swift in Sources */ = {isa = PBXBuildFile; fileRef = 173A59AE29B0732C0037AF51 /* Loader.swift */; };
		173A59B129B0A3ED0037AF51 /* Constants.swift in Sources */ = {isa = PBXBuildFile; fileRef = 173A59B029B0A3ED0037AF51 /* Constants.swift */; };
		173A59B329B0A53F0037AF51 /* APIService.swift in Sources */ = {isa = PBXBuildFile; fileRef = 173A59B229B0A53F0037AF51 /* APIService.swift */; };
		173A59BA29B0A6ED0037AF51 /* LoginResponseModel.swift in Sources */ = {isa = PBXBuildFile; fileRef = 173A59B929B0A6ED0037AF51 /* LoginResponseModel.swift */; };
		173A59BD29B0ACDE0037AF51 /* KeychainHelper.swift in Sources */ = {isa = PBXBuildFile; fileRef = 173A59BC29B0ACDE0037AF51 /* KeychainHelper.swift */; };
		173AB869296542D400B591A4 /* PaymentSuccessAlertView.swift in Sources */ = {isa = PBXBuildFile; fileRef = 173AB868296542D400B591A4 /* PaymentSuccessAlertView.swift */; };
		173AB86B296551B800B591A4 /* RootManager.swift in Sources */ = {isa = PBXBuildFile; fileRef = 173AB86A296551B800B591A4 /* RootManager.swift */; };
		173AB86E296589F100B591A4 /* QRView.swift in Sources */ = {isa = PBXBuildFile; fileRef = 173AB86D296589F100B591A4 /* QRView.swift */; };
		173E4CBD29C079140004EA52 /* BookedSeatModel.swift in Sources */ = {isa = PBXBuildFile; fileRef = 173E4CBC29C079140004EA52 /* BookedSeatModel.swift */; };
		1746D22929C3160C000385CA /* SubmitBookSeatModel.swift in Sources */ = {isa = PBXBuildFile; fileRef = 1746D22829C3160C000385CA /* SubmitBookSeatModel.swift */; };
		174F1BCF295B432D00DAC0D2 /* CancelTicketConfirmAlertView.swift in Sources */ = {isa = PBXBuildFile; fileRef = 174F1BCE295B432D00DAC0D2 /* CancelTicketConfirmAlertView.swift */; };
		174F1BD1295BFCF800DAC0D2 /* CancelTicketAlertView.swift in Sources */ = {isa = PBXBuildFile; fileRef = 174F1BD0295BFCF800DAC0D2 /* CancelTicketAlertView.swift */; };
		174F1BD3295C0FDA00DAC0D2 /* TicketCancelSuccessAlertView.swift in Sources */ = {isa = PBXBuildFile; fileRef = 174F1BD2295C0FDA00DAC0D2 /* TicketCancelSuccessAlertView.swift */; };
		174F1BD5295C172100DAC0D2 /* BookedTicketHistoryView.swift in Sources */ = {isa = PBXBuildFile; fileRef = 174F1BD4295C172100DAC0D2 /* BookedTicketHistoryView.swift */; };
		1753DB8E29C43755008E3078 /* CommonUtil.swift in Sources */ = {isa = PBXBuildFile; fileRef = 1753DB8D29C43755008E3078 /* CommonUtil.swift */; };
		1753DB9229C46BDA008E3078 /* PaymentSuccessModel.swift in Sources */ = {isa = PBXBuildFile; fileRef = 1753DB9129C46BDA008E3078 /* PaymentSuccessModel.swift */; };
		1753DB9529C46C12008E3078 /* PaymentViewModel.swift in Sources */ = {isa = PBXBuildFile; fileRef = 1753DB9429C46C12008E3078 /* PaymentViewModel.swift */; };
		1753DB9729C47FB6008E3078 /* GlobResponseModel.swift in Sources */ = {isa = PBXBuildFile; fileRef = 1753DB9629C47FB6008E3078 /* GlobResponseModel.swift */; };
		17545D332942F0BD003E3724 /* CustomTextField.swift in Sources */ = {isa = PBXBuildFile; fileRef = 17545D322942F0BD003E3724 /* CustomTextField.swift */; };
		17545D362942FA05003E3724 /* AppTheme.swift in Sources */ = {isa = PBXBuildFile; fileRef = 17545D352942FA05003E3724 /* AppTheme.swift */; };
		17545D392942FB2B003E3724 /* Extensions.swift in Sources */ = {isa = PBXBuildFile; fileRef = 17545D382942FB2B003E3724 /* Extensions.swift */; };
		17545D3C2943025F003E3724 /* CustomModifiers.swift in Sources */ = {isa = PBXBuildFile; fileRef = 17545D3B2943025F003E3724 /* CustomModifiers.swift */; };
		17545D3E294308CD003E3724 /* OtpView.swift in Sources */ = {isa = PBXBuildFile; fileRef = 17545D3D294308CD003E3724 /* OtpView.swift */; };
		17545D412943371A003E3724 /* UpcomingEventsView.swift in Sources */ = {isa = PBXBuildFile; fileRef = 17545D402943371A003E3724 /* UpcomingEventsView.swift */; };
		17545D4429433829003E3724 /* UpcomingEventCellView.swift in Sources */ = {isa = PBXBuildFile; fileRef = 17545D4329433829003E3724 /* UpcomingEventCellView.swift */; };
		176CB8DF2966D275006C71D4 /* RadioButton.swift in Sources */ = {isa = PBXBuildFile; fileRef = 176CB8DE2966D275006C71D4 /* RadioButton.swift */; };
		177B40BB2941EBAF00EDF0F0 /* LaunchView.swift in Sources */ = {isa = PBXBuildFile; fileRef = 177B40BA2941EBAF00EDF0F0 /* LaunchView.swift */; };
		177B40BF2941FB8E00EDF0F0 /* LoginView.swift in Sources */ = {isa = PBXBuildFile; fileRef = 177B40BE2941FB8E00EDF0F0 /* LoginView.swift */; };
		17831DC72955BCFA005C36D0 /* TopNavItemView.swift in Sources */ = {isa = PBXBuildFile; fileRef = 17831DC62955BCFA005C36D0 /* TopNavItemView.swift */; };
		17831DCA2955BDA5005C36D0 /* bottombar.xcassets in Resources */ = {isa = PBXBuildFile; fileRef = 17831DC92955BDA5005C36D0 /* bottombar.xcassets */; };
		17831DD02955C551005C36D0 /* ProfileView.swift in Sources */ = {isa = PBXBuildFile; fileRef = 17831DCF2955C551005C36D0 /* ProfileView.swift */; };
		17831DD32955C56B005C36D0 /* SettingView.swift in Sources */ = {isa = PBXBuildFile; fileRef = 17831DD22955C56B005C36D0 /* SettingView.swift */; };
		17831DD62955C585005C36D0 /* TransanctionView.swift in Sources */ = {isa = PBXBuildFile; fileRef = 17831DD52955C585005C36D0 /* TransanctionView.swift */; };
		179E088929B5E0B500AA4541 /* DateTimeSelectionModel.swift in Sources */ = {isa = PBXBuildFile; fileRef = 179E088829B5E0B500AA4541 /* DateTimeSelectionModel.swift */; };
		179E088C29B5E51D00AA4541 /* DateTimeSelectionViewModel.swift in Sources */ = {isa = PBXBuildFile; fileRef = 179E088B29B5E51D00AA4541 /* DateTimeSelectionViewModel.swift */; };
		179E088F29B5F26300AA4541 /* GetTokenModel.swift in Sources */ = {isa = PBXBuildFile; fileRef = 179E088E29B5F26300AA4541 /* GetTokenModel.swift */; };
		17A1E24329EE75BB0056117B /* BookedActionsView.swift in Sources */ = {isa = PBXBuildFile; fileRef = 17A1E24229EE75BB0056117B /* BookedActionsView.swift */; };
		17A1E24729EFC2DD0056117B /* MasterConfigModel.swift in Sources */ = {isa = PBXBuildFile; fileRef = 17A1E24629EFC2DD0056117B /* MasterConfigModel.swift */; };
		17A1E24A29EFC3B70056117B /* MasterConfigViewModel.swift in Sources */ = {isa = PBXBuildFile; fileRef = 17A1E24929EFC3B70056117B /* MasterConfigViewModel.swift */; };
		17A585E32935FF2B00365D71 /* FutalaLakeApp.swift in Sources */ = {isa = PBXBuildFile; fileRef = 17A585E22935FF2B00365D71 /* FutalaLakeApp.swift */; };
		17A585E52935FF2B00365D71 /* ContentView.swift in Sources */ = {isa = PBXBuildFile; fileRef = 17A585E42935FF2B00365D71 /* ContentView.swift */; };
		17A585E72935FF2D00365D71 /* Assets.xcassets in Resources */ = {isa = PBXBuildFile; fileRef = 17A585E62935FF2D00365D71 /* Assets.xcassets */; };
		17A585EA2935FF2D00365D71 /* Preview Assets.xcassets in Resources */ = {isa = PBXBuildFile; fileRef = 17A585E92935FF2D00365D71 /* Preview Assets.xcassets */; };
		17A585F42935FF2D00365D71 /* FutalaLakeTests.swift in Sources */ = {isa = PBXBuildFile; fileRef = 17A585F32935FF2D00365D71 /* FutalaLakeTests.swift */; };
		17A585FE2935FF2D00365D71 /* FutalaLakeUITests.swift in Sources */ = {isa = PBXBuildFile; fileRef = 17A585FD2935FF2D00365D71 /* FutalaLakeUITests.swift */; };
		17A586002935FF2D00365D71 /* FutalaLakeUITestsLaunchTests.swift in Sources */ = {isa = PBXBuildFile; fileRef = 17A585FF2935FF2D00365D71 /* FutalaLakeUITestsLaunchTests.swift */; };
		17AE976729BB0BDE00F12E78 /* StandingInputDialog.swift in Sources */ = {isa = PBXBuildFile; fileRef = 17AE976629BB0BDD00F12E78 /* StandingInputDialog.swift */; };
		17AE977029BB376A00F12E78 /* SeatLayoutModel.swift in Sources */ = {isa = PBXBuildFile; fileRef = 17AE976F29BB376A00F12E78 /* SeatLayoutModel.swift */; };
		17AE977329BB38E800F12E78 /* SeatLayoutViewModel.swift in Sources */ = {isa = PBXBuildFile; fileRef = 17AE977229BB38E800F12E78 /* SeatLayoutViewModel.swift */; };
		17B921E629E7C6D700277C0E /* ProfileViewModel.swift in Sources */ = {isa = PBXBuildFile; fileRef = 17B921E529E7C6D700277C0E /* ProfileViewModel.swift */; };
		17B921E929E7D2E500277C0E /* ProfileModel.swift in Sources */ = {isa = PBXBuildFile; fileRef = 17B921E829E7D2E500277C0E /* ProfileModel.swift */; };
		17BAE80F29E14C3200333A0A /* CancelTicketSeatingCell.swift in Sources */ = {isa = PBXBuildFile; fileRef = 17BAE80E29E14C3200333A0A /* CancelTicketSeatingCell.swift */; };
		17BAE81229E15D0000333A0A /* HistoryDetailsModel.swift in Sources */ = {isa = PBXBuildFile; fileRef = 17BAE81129E15D0000333A0A /* HistoryDetailsModel.swift */; };
		17BAE81629E3250100333A0A /* CancelTicketStandingCell.swift in Sources */ = {isa = PBXBuildFile; fileRef = 17BAE81529E3250100333A0A /* CancelTicketStandingCell.swift */; };
		17BD37892954134700DA2FE9 /* TabContainerView.swift in Sources */ = {isa = PBXBuildFile; fileRef = 17BD37882954134700DA2FE9 /* TabContainerView.swift */; };
		17D80F23295EB20500D861FF /* CustomCalendarView.swift in Sources */ = {isa = PBXBuildFile; fileRef = 17D80F22295EB20500D861FF /* CustomCalendarView.swift */; };
		17D80F28295EB3FC00D861FF /* DateTimeSelectionView.swift in Sources */ = {isa = PBXBuildFile; fileRef = 17D80F27295EB3FC00D861FF /* DateTimeSelectionView.swift */; };
		17D80F61296296C300D861FF /* SeatSelectionView.swift in Sources */ = {isa = PBXBuildFile; fileRef = 17D80F60296296C300D861FF /* SeatSelectionView.swift */; };
		17D80F642962A8D200D861FF /* GateSectionView.swift in Sources */ = {isa = PBXBuildFile; fileRef = 17D80F632962A8D200D861FF /* GateSectionView.swift */; };
		17DDFC1129530F1500D7A5C9 /* UpcomcommingbookingStatusCell.swift in Sources */ = {isa = PBXBuildFile; fileRef = 17DDFC1029530F1500D7A5C9 /* UpcomcommingbookingStatusCell.swift */; };
		17DFCA3429ACB62F005E5DE5 /* LoginVM.swift in Sources */ = {isa = PBXBuildFile; fileRef = 17DFCA3329ACB62F005E5DE5 /* LoginVM.swift */; };
		17DFCA3629ACB6C0005E5DE5 /* CustomError.swift in Sources */ = {isa = PBXBuildFile; fileRef = 17DFCA3529ACB6C0005E5DE5 /* CustomError.swift */; };
		17E570A129D1569D0011DA87 /* HistoryModel.swift in Sources */ = {isa = PBXBuildFile; fileRef = 17E570A029D1569D0011DA87 /* HistoryModel.swift */; };
		17E570A329D157570011DA87 /* HistoryViewModel.swift in Sources */ = {isa = PBXBuildFile; fileRef = 17E570A229D157570011DA87 /* HistoryViewModel.swift */; };
		17E570A529D205310011DA87 /* CancelHistorySeat.swift in Sources */ = {isa = PBXBuildFile; fileRef = 17E570A429D205310011DA87 /* CancelHistorySeat.swift */; };
		17E570AA29D2C8C30011DA87 /* CancelTicketViewModel.swift in Sources */ = {isa = PBXBuildFile; fileRef = 17E570A929D2C8C30011DA87 /* CancelTicketViewModel.swift */; };
		17E570AC29D2DDE90011DA87 /* CancelTicketConfirmView.swift in Sources */ = {isa = PBXBuildFile; fileRef = 17E570AB29D2DDE90011DA87 /* CancelTicketConfirmView.swift */; };
		17E97DD2295DACC1007FC9C0 /* PayNowView.swift in Sources */ = {isa = PBXBuildFile; fileRef = 17E97DD1295DACC1007FC9C0 /* PayNowView.swift */; };
		17F5134D29B1C5A3004A7833 /* OTPViewModel.swift in Sources */ = {isa = PBXBuildFile; fileRef = 17F5134C29B1C5A3004A7833 /* OTPViewModel.swift */; };
		17FC7F972959BF5F0066D67B /* BookingHistoryCellView.swift in Sources */ = {isa = PBXBuildFile; fileRef = 17FC7F962959BF5F0066D67B /* BookingHistoryCellView.swift */; };
/* End PBXBuildFile section */

/* Begin PBXContainerItemProxy section */
		17A585F02935FF2D00365D71 /* PBXContainerItemProxy */ = {
			isa = PBXContainerItemProxy;
			containerPortal = 17A585D72935FF2B00365D71 /* Project object */;
			proxyType = 1;
			remoteGlobalIDString = 17A585DE2935FF2B00365D71;
			remoteInfo = FutalaLake;
		};
		17A585FA2935FF2D00365D71 /* PBXContainerItemProxy */ = {
			isa = PBXContainerItemProxy;
			containerPortal = 17A585D72935FF2B00365D71 /* Project object */;
			proxyType = 1;
			remoteGlobalIDString = 17A585DE2935FF2B00365D71;
			remoteInfo = FutalaLake;
		};
/* End PBXContainerItemProxy section */

/* Begin PBXFileReference section */
		171575062963FBE10004F2F8 /* CheckoutVIew.swift */ = {isa = PBXFileReference; lastKnownFileType = sourcecode.swift; path = CheckoutVIew.swift; sourceTree = "<group>"; };
		1715750C296428990004F2F8 /* ToastView.swift */ = {isa = PBXFileReference; lastKnownFileType = sourcecode.swift; path = ToastView.swift; sourceTree = "<group>"; };
		171B402E29CD732400743095 /* SeatInventoryModel.swift */ = {isa = PBXFileReference; lastKnownFileType = sourcecode.swift; path = SeatInventoryModel.swift; sourceTree = "<group>"; };
		171B403029CDCA0D00743095 /* QRSubView.swift */ = {isa = PBXFileReference; lastKnownFileType = sourcecode.swift; path = QRSubView.swift; sourceTree = "<group>"; };
		1724EEA729CC6DDB00930830 /* UpdatePaymentStatusModel.swift */ = {isa = PBXFileReference; lastKnownFileType = sourcecode.swift; path = UpdatePaymentStatusModel.swift; sourceTree = "<group>"; };
		1733F8E129CAFBBF00D97F2E /* SessionManager.swift */ = {isa = PBXFileReference; lastKnownFileType = sourcecode.swift; path = SessionManager.swift; sourceTree = "<group>"; };
		1733F8E429CB1AD300D97F2E /* PaymentSuccessAlertViewModel.swift */ = {isa = PBXFileReference; lastKnownFileType = sourcecode.swift; path = PaymentSuccessAlertViewModel.swift; sourceTree = "<group>"; };
		1733F8E729CB1CB100D97F2E /* QRModelData.swift */ = {isa = PBXFileReference; lastKnownFileType = sourcecode.swift; path = QRModelData.swift; sourceTree = "<group>"; };
		173A59AE29B0732C0037AF51 /* Loader.swift */ = {isa = PBXFileReference; lastKnownFileType = sourcecode.swift; path = Loader.swift; sourceTree = "<group>"; };
		173A59B029B0A3ED0037AF51 /* Constants.swift */ = {isa = PBXFileReference; lastKnownFileType = sourcecode.swift; path = Constants.swift; sourceTree = "<group>"; };
		173A59B229B0A53F0037AF51 /* APIService.swift */ = {isa = PBXFileReference; lastKnownFileType = sourcecode.swift; path = APIService.swift; sourceTree = "<group>"; };
		173A59B929B0A6ED0037AF51 /* LoginResponseModel.swift */ = {isa = PBXFileReference; lastKnownFileType = sourcecode.swift; path = LoginResponseModel.swift; sourceTree = "<group>"; };
		173A59BC29B0ACDE0037AF51 /* KeychainHelper.swift */ = {isa = PBXFileReference; lastKnownFileType = sourcecode.swift; path = KeychainHelper.swift; sourceTree = "<group>"; };
		173AB868296542D400B591A4 /* PaymentSuccessAlertView.swift */ = {isa = PBXFileReference; lastKnownFileType = sourcecode.swift; path = PaymentSuccessAlertView.swift; sourceTree = "<group>"; };
		173AB86A296551B800B591A4 /* RootManager.swift */ = {isa = PBXFileReference; lastKnownFileType = sourcecode.swift; path = RootManager.swift; sourceTree = "<group>"; };
		173AB86D296589F100B591A4 /* QRView.swift */ = {isa = PBXFileReference; lastKnownFileType = sourcecode.swift; path = QRView.swift; sourceTree = "<group>"; };
		173E4CBC29C079140004EA52 /* BookedSeatModel.swift */ = {isa = PBXFileReference; lastKnownFileType = sourcecode.swift; path = BookedSeatModel.swift; sourceTree = "<group>"; };
		1746D22829C3160C000385CA /* SubmitBookSeatModel.swift */ = {isa = PBXFileReference; lastKnownFileType = sourcecode.swift; path = SubmitBookSeatModel.swift; sourceTree = "<group>"; };
		174F1BCE295B432D00DAC0D2 /* CancelTicketConfirmAlertView.swift */ = {isa = PBXFileReference; lastKnownFileType = sourcecode.swift; path = CancelTicketConfirmAlertView.swift; sourceTree = "<group>"; };
		174F1BD0295BFCF800DAC0D2 /* CancelTicketAlertView.swift */ = {isa = PBXFileReference; lastKnownFileType = sourcecode.swift; path = CancelTicketAlertView.swift; sourceTree = "<group>"; };
		174F1BD2295C0FDA00DAC0D2 /* TicketCancelSuccessAlertView.swift */ = {isa = PBXFileReference; lastKnownFileType = sourcecode.swift; path = TicketCancelSuccessAlertView.swift; sourceTree = "<group>"; };
		174F1BD4295C172100DAC0D2 /* BookedTicketHistoryView.swift */ = {isa = PBXFileReference; lastKnownFileType = sourcecode.swift; path = BookedTicketHistoryView.swift; sourceTree = "<group>"; };
		1753DB8D29C43755008E3078 /* CommonUtil.swift */ = {isa = PBXFileReference; lastKnownFileType = sourcecode.swift; path = CommonUtil.swift; sourceTree = "<group>"; };
		1753DB9129C46BDA008E3078 /* PaymentSuccessModel.swift */ = {isa = PBXFileReference; lastKnownFileType = sourcecode.swift; path = PaymentSuccessModel.swift; sourceTree = "<group>"; };
		1753DB9429C46C12008E3078 /* PaymentViewModel.swift */ = {isa = PBXFileReference; lastKnownFileType = sourcecode.swift; path = PaymentViewModel.swift; sourceTree = "<group>"; };
		1753DB9629C47FB6008E3078 /* GlobResponseModel.swift */ = {isa = PBXFileReference; lastKnownFileType = sourcecode.swift; path = GlobResponseModel.swift; sourceTree = "<group>"; };
		17545D322942F0BD003E3724 /* CustomTextField.swift */ = {isa = PBXFileReference; lastKnownFileType = sourcecode.swift; path = CustomTextField.swift; sourceTree = "<group>"; };
		17545D352942FA05003E3724 /* AppTheme.swift */ = {isa = PBXFileReference; lastKnownFileType = sourcecode.swift; path = AppTheme.swift; sourceTree = "<group>"; };
		17545D382942FB2B003E3724 /* Extensions.swift */ = {isa = PBXFileReference; lastKnownFileType = sourcecode.swift; path = Extensions.swift; sourceTree = "<group>"; };
		17545D3B2943025F003E3724 /* CustomModifiers.swift */ = {isa = PBXFileReference; lastKnownFileType = sourcecode.swift; path = CustomModifiers.swift; sourceTree = "<group>"; };
		17545D3D294308CD003E3724 /* OtpView.swift */ = {isa = PBXFileReference; lastKnownFileType = sourcecode.swift; path = OtpView.swift; sourceTree = "<group>"; };
		17545D402943371A003E3724 /* UpcomingEventsView.swift */ = {isa = PBXFileReference; lastKnownFileType = sourcecode.swift; path = UpcomingEventsView.swift; sourceTree = "<group>"; };
		17545D4329433829003E3724 /* UpcomingEventCellView.swift */ = {isa = PBXFileReference; lastKnownFileType = sourcecode.swift; path = UpcomingEventCellView.swift; sourceTree = "<group>"; };
		176CB8DE2966D275006C71D4 /* RadioButton.swift */ = {isa = PBXFileReference; lastKnownFileType = sourcecode.swift; path = RadioButton.swift; sourceTree = "<group>"; };
		177B40BA2941EBAF00EDF0F0 /* LaunchView.swift */ = {isa = PBXFileReference; lastKnownFileType = sourcecode.swift; path = LaunchView.swift; sourceTree = "<group>"; };
		177B40BE2941FB8E00EDF0F0 /* LoginView.swift */ = {isa = PBXFileReference; lastKnownFileType = sourcecode.swift; path = LoginView.swift; sourceTree = "<group>"; };
		17831DC62955BCFA005C36D0 /* TopNavItemView.swift */ = {isa = PBXFileReference; lastKnownFileType = sourcecode.swift; path = TopNavItemView.swift; sourceTree = "<group>"; };
		17831DC92955BDA5005C36D0 /* bottombar.xcassets */ = {isa = PBXFileReference; lastKnownFileType = folder.assetcatalog; path = bottombar.xcassets; sourceTree = "<group>"; };
		17831DCF2955C551005C36D0 /* ProfileView.swift */ = {isa = PBXFileReference; lastKnownFileType = sourcecode.swift; path = ProfileView.swift; sourceTree = "<group>"; };
		17831DD22955C56B005C36D0 /* SettingView.swift */ = {isa = PBXFileReference; lastKnownFileType = sourcecode.swift; path = SettingView.swift; sourceTree = "<group>"; };
		17831DD52955C585005C36D0 /* TransanctionView.swift */ = {isa = PBXFileReference; lastKnownFileType = sourcecode.swift; path = TransanctionView.swift; sourceTree = "<group>"; };
		179E088829B5E0B500AA4541 /* DateTimeSelectionModel.swift */ = {isa = PBXFileReference; lastKnownFileType = sourcecode.swift; path = DateTimeSelectionModel.swift; sourceTree = "<group>"; };
		179E088B29B5E51D00AA4541 /* DateTimeSelectionViewModel.swift */ = {isa = PBXFileReference; lastKnownFileType = sourcecode.swift; path = DateTimeSelectionViewModel.swift; sourceTree = "<group>"; };
		179E088E29B5F26300AA4541 /* GetTokenModel.swift */ = {isa = PBXFileReference; lastKnownFileType = sourcecode.swift; path = GetTokenModel.swift; sourceTree = "<group>"; };
		17A1E24229EE75BB0056117B /* BookedActionsView.swift */ = {isa = PBXFileReference; lastKnownFileType = sourcecode.swift; path = BookedActionsView.swift; sourceTree = "<group>"; };
		17A1E24629EFC2DD0056117B /* MasterConfigModel.swift */ = {isa = PBXFileReference; lastKnownFileType = sourcecode.swift; path = MasterConfigModel.swift; sourceTree = "<group>"; };
		17A1E24929EFC3B70056117B /* MasterConfigViewModel.swift */ = {isa = PBXFileReference; lastKnownFileType = sourcecode.swift; path = MasterConfigViewModel.swift; sourceTree = "<group>"; };
		17A585DF2935FF2B00365D71 /* FutalaLake.app */ = {isa = PBXFileReference; explicitFileType = wrapper.application; includeInIndex = 0; path = FutalaLake.app; sourceTree = BUILT_PRODUCTS_DIR; };
		17A585E22935FF2B00365D71 /* FutalaLakeApp.swift */ = {isa = PBXFileReference; lastKnownFileType = sourcecode.swift; path = FutalaLakeApp.swift; sourceTree = "<group>"; };
		17A585E42935FF2B00365D71 /* ContentView.swift */ = {isa = PBXFileReference; lastKnownFileType = sourcecode.swift; path = ContentView.swift; sourceTree = "<group>"; };
		17A585E62935FF2D00365D71 /* Assets.xcassets */ = {isa = PBXFileReference; lastKnownFileType = folder.assetcatalog; path = Assets.xcassets; sourceTree = "<group>"; };
		17A585E92935FF2D00365D71 /* Preview Assets.xcassets */ = {isa = PBXFileReference; lastKnownFileType = folder.assetcatalog; path = "Preview Assets.xcassets"; sourceTree = "<group>"; };
		17A585EF2935FF2D00365D71 /* FutalaLakeTests.xctest */ = {isa = PBXFileReference; explicitFileType = wrapper.cfbundle; includeInIndex = 0; path = FutalaLakeTests.xctest; sourceTree = BUILT_PRODUCTS_DIR; };
		17A585F32935FF2D00365D71 /* FutalaLakeTests.swift */ = {isa = PBXFileReference; lastKnownFileType = sourcecode.swift; path = FutalaLakeTests.swift; sourceTree = "<group>"; };
		17A585F92935FF2D00365D71 /* FutalaLakeUITests.xctest */ = {isa = PBXFileReference; explicitFileType = wrapper.cfbundle; includeInIndex = 0; path = FutalaLakeUITests.xctest; sourceTree = BUILT_PRODUCTS_DIR; };
		17A585FD2935FF2D00365D71 /* FutalaLakeUITests.swift */ = {isa = PBXFileReference; lastKnownFileType = sourcecode.swift; path = FutalaLakeUITests.swift; sourceTree = "<group>"; };
		17A585FF2935FF2D00365D71 /* FutalaLakeUITestsLaunchTests.swift */ = {isa = PBXFileReference; lastKnownFileType = sourcecode.swift; path = FutalaLakeUITestsLaunchTests.swift; sourceTree = "<group>"; };
		17AE976629BB0BDD00F12E78 /* StandingInputDialog.swift */ = {isa = PBXFileReference; lastKnownFileType = sourcecode.swift; path = StandingInputDialog.swift; sourceTree = "<group>"; };
		17AE976F29BB376A00F12E78 /* SeatLayoutModel.swift */ = {isa = PBXFileReference; lastKnownFileType = sourcecode.swift; path = SeatLayoutModel.swift; sourceTree = "<group>"; };
		17AE977229BB38E800F12E78 /* SeatLayoutViewModel.swift */ = {isa = PBXFileReference; lastKnownFileType = sourcecode.swift; path = SeatLayoutViewModel.swift; sourceTree = "<group>"; };
		17B921E529E7C6D700277C0E /* ProfileViewModel.swift */ = {isa = PBXFileReference; lastKnownFileType = sourcecode.swift; path = ProfileViewModel.swift; sourceTree = "<group>"; };
		17B921E829E7D2E500277C0E /* ProfileModel.swift */ = {isa = PBXFileReference; lastKnownFileType = sourcecode.swift; path = ProfileModel.swift; sourceTree = "<group>"; };
		17BAE80E29E14C3200333A0A /* CancelTicketSeatingCell.swift */ = {isa = PBXFileReference; lastKnownFileType = sourcecode.swift; path = CancelTicketSeatingCell.swift; sourceTree = "<group>"; };
		17BAE81129E15D0000333A0A /* HistoryDetailsModel.swift */ = {isa = PBXFileReference; lastKnownFileType = sourcecode.swift; path = HistoryDetailsModel.swift; sourceTree = "<group>"; };
		17BAE81529E3250100333A0A /* CancelTicketStandingCell.swift */ = {isa = PBXFileReference; lastKnownFileType = sourcecode.swift; path = CancelTicketStandingCell.swift; sourceTree = "<group>"; };
		17BD37882954134700DA2FE9 /* TabContainerView.swift */ = {isa = PBXFileReference; lastKnownFileType = sourcecode.swift; path = TabContainerView.swift; sourceTree = "<group>"; };
		17D80F22295EB20500D861FF /* CustomCalendarView.swift */ = {isa = PBXFileReference; lastKnownFileType = sourcecode.swift; path = CustomCalendarView.swift; sourceTree = "<group>"; };
		17D80F27295EB3FC00D861FF /* DateTimeSelectionView.swift */ = {isa = PBXFileReference; lastKnownFileType = sourcecode.swift; path = DateTimeSelectionView.swift; sourceTree = "<group>"; };
		17D80F60296296C300D861FF /* SeatSelectionView.swift */ = {isa = PBXFileReference; lastKnownFileType = sourcecode.swift; path = SeatSelectionView.swift; sourceTree = "<group>"; };
		17D80F632962A8D200D861FF /* GateSectionView.swift */ = {isa = PBXFileReference; lastKnownFileType = sourcecode.swift; path = GateSectionView.swift; sourceTree = "<group>"; };
		17DDFC1029530F1500D7A5C9 /* UpcomcommingbookingStatusCell.swift */ = {isa = PBXFileReference; lastKnownFileType = sourcecode.swift; path = UpcomcommingbookingStatusCell.swift; sourceTree = "<group>"; };
		17DFCA3329ACB62F005E5DE5 /* LoginVM.swift */ = {isa = PBXFileReference; lastKnownFileType = sourcecode.swift; path = LoginVM.swift; sourceTree = "<group>"; };
		17DFCA3529ACB6C0005E5DE5 /* CustomError.swift */ = {isa = PBXFileReference; lastKnownFileType = sourcecode.swift; path = CustomError.swift; sourceTree = "<group>"; };
		17E570A029D1569D0011DA87 /* HistoryModel.swift */ = {isa = PBXFileReference; lastKnownFileType = sourcecode.swift; path = HistoryModel.swift; sourceTree = "<group>"; };
		17E570A229D157570011DA87 /* HistoryViewModel.swift */ = {isa = PBXFileReference; lastKnownFileType = sourcecode.swift; path = HistoryViewModel.swift; sourceTree = "<group>"; };
		17E570A429D205310011DA87 /* CancelHistorySeat.swift */ = {isa = PBXFileReference; lastKnownFileType = sourcecode.swift; path = CancelHistorySeat.swift; sourceTree = "<group>"; };
		17E570A929D2C8C30011DA87 /* CancelTicketViewModel.swift */ = {isa = PBXFileReference; lastKnownFileType = sourcecode.swift; path = CancelTicketViewModel.swift; sourceTree = "<group>"; };
		17E570AB29D2DDE90011DA87 /* CancelTicketConfirmView.swift */ = {isa = PBXFileReference; lastKnownFileType = sourcecode.swift; path = CancelTicketConfirmView.swift; sourceTree = "<group>"; };
		17E97DD1295DACC1007FC9C0 /* PayNowView.swift */ = {isa = PBXFileReference; lastKnownFileType = sourcecode.swift; path = PayNowView.swift; sourceTree = "<group>"; };
		17F5134C29B1C5A3004A7833 /* OTPViewModel.swift */ = {isa = PBXFileReference; lastKnownFileType = sourcecode.swift; path = OTPViewModel.swift; sourceTree = "<group>"; };
		17FC7F962959BF5F0066D67B /* BookingHistoryCellView.swift */ = {isa = PBXFileReference; lastKnownFileType = sourcecode.swift; path = BookingHistoryCellView.swift; sourceTree = "<group>"; };
/* End PBXFileReference section */

/* Begin PBXFrameworksBuildPhase section */
		17A585DC2935FF2B00365D71 /* Frameworks */ = {
			isa = PBXFrameworksBuildPhase;
			buildActionMask = 2147483647;
			files = (
			);
			runOnlyForDeploymentPostprocessing = 0;
		};
		17A585EC2935FF2D00365D71 /* Frameworks */ = {
			isa = PBXFrameworksBuildPhase;
			buildActionMask = 2147483647;
			files = (
			);
			runOnlyForDeploymentPostprocessing = 0;
		};
		17A585F62935FF2D00365D71 /* Frameworks */ = {
			isa = PBXFrameworksBuildPhase;
			buildActionMask = 2147483647;
			files = (
			);
			runOnlyForDeploymentPostprocessing = 0;
		};
/* End PBXFrameworksBuildPhase section */

/* Begin PBXGroup section */
		171575042963FA330004F2F8 /* History */ = {
			isa = PBXGroup;
			children = (
				17E570A629D2C8790011DA87 /* CancelTicket */,
				17E5709F29D1543E0011DA87 /* ViewModel */,
				17E5709E29D154330011DA87 /* Model */,
				17831DD42955C570005C36D0 /* View */,
				17FC7F952959BF490066D67B /* Cell */,
			);
			path = History;
			sourceTree = "<group>";
		};
		171575052963FBC00004F2F8 /* Checkout */ = {
			isa = PBXGroup;
			children = (
				171575062963FBE10004F2F8 /* CheckoutVIew.swift */,
			);
			path = Checkout;
			sourceTree = "<group>";
		};
		171575082963FC310004F2F8 /* Pay */ = {
			isa = PBXGroup;
			children = (
				1753DB9329C46C01008E3078 /* ViewModel */,
				1753DB9029C46B59008E3078 /* Model */,
				1753DB8F29C46B44008E3078 /* View */,
			);
			path = Pay;
			sourceTree = "<group>";
		};
		1715750E296431980004F2F8 /* Alert */ = {
			isa = PBXGroup;
			children = (
				1733F8E629CB1C9800D97F2E /* Model */,
				1733F8E329CB1AB300D97F2E /* ViewModel */,
				173AB868296542D400B591A4 /* PaymentSuccessAlertView.swift */,
			);
			path = Alert;
			sourceTree = "<group>";
		};
		171B402C29CD730A00743095 /* Extras */ = {
			isa = PBXGroup;
			children = (
				171B402D29CD731300743095 /* Model */,
			);
			path = Extras;
			sourceTree = "<group>";
		};
		171B402D29CD731300743095 /* Model */ = {
			isa = PBXGroup;
			children = (
				171B402E29CD732400743095 /* SeatInventoryModel.swift */,
			);
			path = Model;
			sourceTree = "<group>";
		};
		1733F8E329CB1AB300D97F2E /* ViewModel */ = {
			isa = PBXGroup;
			children = (
				1733F8E429CB1AD300D97F2E /* PaymentSuccessAlertViewModel.swift */,
			);
			path = ViewModel;
			sourceTree = "<group>";
		};
		1733F8E629CB1C9800D97F2E /* Model */ = {
			isa = PBXGroup;
			children = (
				1733F8E729CB1CB100D97F2E /* QRModelData.swift */,
			);
			path = Model;
			sourceTree = "<group>";
		};
		173A59B429B0A66C0037AF51 /* LoginModel */ = {
			isa = PBXGroup;
			children = (
				173A59B629B0A6880037AF51 /* Response */,
				173A59B529B0A67D0037AF51 /* Request */,
			);
			path = LoginModel;
			sourceTree = "<group>";
		};
		173A59B529B0A67D0037AF51 /* Request */ = {
			isa = PBXGroup;
			children = (
			);
			path = Request;
			sourceTree = "<group>";
		};
		173A59B629B0A6880037AF51 /* Response */ = {
			isa = PBXGroup;
			children = (
				173A59B929B0A6ED0037AF51 /* LoginResponseModel.swift */,
			);
			path = Response;
			sourceTree = "<group>";
		};
		173A59BB29B0ACD20037AF51 /* Helper */ = {
			isa = PBXGroup;
			children = (
				173A59BC29B0ACDE0037AF51 /* KeychainHelper.swift */,
			);
			path = Helper;
			sourceTree = "<group>";
		};
		173AB86C296589DA00B591A4 /* QR */ = {
			isa = PBXGroup;
			children = (
				173AB86D296589F100B591A4 /* QRView.swift */,
				171B403029CDCA0D00743095 /* QRSubView.swift */,
				17A1E24229EE75BB0056117B /* BookedActionsView.swift */,
			);
			path = QR;
			sourceTree = "<group>";
		};
		173E4CBE29C1E2590004EA52 /* Request */ = {
			isa = PBXGroup;
			children = (
			);
			path = Request;
			sourceTree = "<group>";
		};
		173E4CBF29C1E26A0004EA52 /* Response */ = {
			isa = PBXGroup;
			children = (
				17AE976F29BB376A00F12E78 /* SeatLayoutModel.swift */,
				173E4CBC29C079140004EA52 /* BookedSeatModel.swift */,
				1746D22829C3160C000385CA /* SubmitBookSeatModel.swift */,
			);
			path = Response;
			sourceTree = "<group>";
		};
		174F1BCD295B431400DAC0D2 /* Alert */ = {
			isa = PBXGroup;
			children = (
				174F1BCE295B432D00DAC0D2 /* CancelTicketConfirmAlertView.swift */,
				174F1BD0295BFCF800DAC0D2 /* CancelTicketAlertView.swift */,
				174F1BD2295C0FDA00DAC0D2 /* TicketCancelSuccessAlertView.swift */,
			);
			path = Alert;
			sourceTree = "<group>";
		};
		1753DB8F29C46B44008E3078 /* View */ = {
			isa = PBXGroup;
			children = (
				17E97DD1295DACC1007FC9C0 /* PayNowView.swift */,
			);
			path = View;
			sourceTree = "<group>";
		};
		1753DB9029C46B59008E3078 /* Model */ = {
			isa = PBXGroup;
			children = (
				1753DB9129C46BDA008E3078 /* PaymentSuccessModel.swift */,
				1724EEA729CC6DDB00930830 /* UpdatePaymentStatusModel.swift */,
			);
			path = Model;
			sourceTree = "<group>";
		};
		1753DB9329C46C01008E3078 /* ViewModel */ = {
			isa = PBXGroup;
			children = (
				1753DB9429C46C12008E3078 /* PaymentViewModel.swift */,
			);
			path = ViewModel;
			sourceTree = "<group>";
		};
		17545D302942EFF5003E3724 /* Utils */ = {
			isa = PBXGroup;
			children = (
				17545D3A29430246003E3724 /* Modifiers */,
				17545D342942F9EC003E3724 /* Theme */,
				17545D312942F007003E3724 /* View */,
				173AB86A296551B800B591A4 /* RootManager.swift */,
				1753DB8D29C43755008E3078 /* CommonUtil.swift */,
			);
			path = Utils;
			sourceTree = "<group>";
		};
		17545D312942F007003E3724 /* View */ = {
			isa = PBXGroup;
			children = (
				17545D322942F0BD003E3724 /* CustomTextField.swift */,
				17D80F22295EB20500D861FF /* CustomCalendarView.swift */,
				1715750C296428990004F2F8 /* ToastView.swift */,
				176CB8DE2966D275006C71D4 /* RadioButton.swift */,
				173A59AE29B0732C0037AF51 /* Loader.swift */,
			);
			path = View;
			sourceTree = "<group>";
		};
		17545D342942F9EC003E3724 /* Theme */ = {
			isa = PBXGroup;
			children = (
				17545D352942FA05003E3724 /* AppTheme.swift */,
			);
			path = Theme;
			sourceTree = "<group>";
		};
		17545D372942FB10003E3724 /* Extensions */ = {
			isa = PBXGroup;
			children = (
				17545D382942FB2B003E3724 /* Extensions.swift */,
			);
			path = Extensions;
			sourceTree = "<group>";
		};
		17545D3A29430246003E3724 /* Modifiers */ = {
			isa = PBXGroup;
			children = (
				17545D3B2943025F003E3724 /* CustomModifiers.swift */,
			);
			path = Modifiers;
			sourceTree = "<group>";
		};
		17545D3F29433700003E3724 /* UpcomingEvents */ = {
			isa = PBXGroup;
			children = (
				17D80F21295EB1C100D861FF /* DateTimeSelection */,
				17545D4229433805003E3724 /* Cells */,
				17545D402943371A003E3724 /* UpcomingEventsView.swift */,
			);
			path = UpcomingEvents;
			sourceTree = "<group>";
		};
		17545D4229433805003E3724 /* Cells */ = {
			isa = PBXGroup;
			children = (
				17545D4329433829003E3724 /* UpcomingEventCellView.swift */,
				17DDFC1029530F1500D7A5C9 /* UpcomcommingbookingStatusCell.swift */,
			);
			path = Cells;
			sourceTree = "<group>";
		};
		177B40BC2941FB4900EDF0F0 /* Auth */ = {
			isa = PBXGroup;
			children = (
				17F5134A29B1C57C004A7833 /* OTP */,
				17F5134829B1C46B004A7833 /* Login */,
			);
			path = Auth;
			sourceTree = "<group>";
		};
		177B40BD2941FB4F00EDF0F0 /* View */ = {
			isa = PBXGroup;
			children = (
				17545D3D294308CD003E3724 /* OtpView.swift */,
			);
			path = View;
			sourceTree = "<group>";
		};
		17831DC42955BCDA005C36D0 /* Shared */ = {
			isa = PBXGroup;
			children = (
				17A1E24429EFC2AB0056117B /* MasterConfig */,
				17831DC52955BCE0005C36D0 /* View */,
				17DFCA3529ACB6C0005E5DE5 /* CustomError.swift */,
				173A59B029B0A3ED0037AF51 /* Constants.swift */,
				173A59B229B0A53F0037AF51 /* APIService.swift */,
				1753DB9629C47FB6008E3078 /* GlobResponseModel.swift */,
			);
			path = Shared;
			sourceTree = "<group>";
		};
		17831DC52955BCE0005C36D0 /* View */ = {
			isa = PBXGroup;
			children = (
				17831DC62955BCFA005C36D0 /* TopNavItemView.swift */,
			);
			path = View;
			sourceTree = "<group>";
		};
		17831DC82955BD7A005C36D0 /* Bottombaricons */ = {
			isa = PBXGroup;
			children = (
				17831DC92955BDA5005C36D0 /* bottombar.xcassets */,
			);
			path = Bottombaricons;
			sourceTree = "<group>";
		};
		17831DCB2955C4BF005C36D0 /* Booking */ = {
			isa = PBXGroup;
			children = (
				173AB86C296589DA00B591A4 /* QR */,
				1715750E296431980004F2F8 /* Alert */,
				17D80F5F296296A700D861FF /* SeatManagement */,
				171575052963FBC00004F2F8 /* Checkout */,
				171575082963FC310004F2F8 /* Pay */,
				17545D3F29433700003E3724 /* UpcomingEvents */,
			);
			path = Booking;
			sourceTree = "<group>";
		};
		17831DCC2955C4CB005C36D0 /* Settings */ = {
			isa = PBXGroup;
			children = (
				17831DD12955C55A005C36D0 /* VIew */,
			);
			path = Settings;
			sourceTree = "<group>";
		};
		17831DCD2955C533005C36D0 /* Profile */ = {
			isa = PBXGroup;
			children = (
				17B921E729E7D2D500277C0E /* Model */,
				17B921E429E7C6C100277C0E /* ViewModel */,
				17831DCE2955C53F005C36D0 /* View */,
			);
			path = Profile;
			sourceTree = "<group>";
		};
		17831DCE2955C53F005C36D0 /* View */ = {
			isa = PBXGroup;
			children = (
				17831DCF2955C551005C36D0 /* ProfileView.swift */,
			);
			path = View;
			sourceTree = "<group>";
		};
		17831DD12955C55A005C36D0 /* VIew */ = {
			isa = PBXGroup;
			children = (
				17831DD22955C56B005C36D0 /* SettingView.swift */,
			);
			path = VIew;
			sourceTree = "<group>";
		};
		17831DD42955C570005C36D0 /* View */ = {
			isa = PBXGroup;
			children = (
				174F1BCD295B431400DAC0D2 /* Alert */,
				17831DD52955C585005C36D0 /* TransanctionView.swift */,
			);
			path = View;
			sourceTree = "<group>";
		};
		179E088729B5E09E00AA4541 /* ResponseModel */ = {
			isa = PBXGroup;
			children = (
				179E088829B5E0B500AA4541 /* DateTimeSelectionModel.swift */,
			);
			path = ResponseModel;
			sourceTree = "<group>";
		};
		179E088A29B5E50600AA4541 /* ViewModel */ = {
			isa = PBXGroup;
			children = (
				179E088B29B5E51D00AA4541 /* DateTimeSelectionViewModel.swift */,
			);
			path = ViewModel;
			sourceTree = "<group>";
		};
		179E088D29B5F24900AA4541 /* Model */ = {
			isa = PBXGroup;
			children = (
				179E088E29B5F26300AA4541 /* GetTokenModel.swift */,
			);
			path = Model;
			sourceTree = "<group>";
		};
		17A1E24429EFC2AB0056117B /* MasterConfig */ = {
			isa = PBXGroup;
			children = (
				17A1E24829EFC3A20056117B /* ViewModel */,
				17A1E24529EFC2B90056117B /* Model */,
			);
			path = MasterConfig;
			sourceTree = "<group>";
		};
		17A1E24529EFC2B90056117B /* Model */ = {
			isa = PBXGroup;
			children = (
				17A1E24629EFC2DD0056117B /* MasterConfigModel.swift */,
			);
			path = Model;
			sourceTree = "<group>";
		};
		17A1E24829EFC3A20056117B /* ViewModel */ = {
			isa = PBXGroup;
			children = (
				17A1E24929EFC3B70056117B /* MasterConfigViewModel.swift */,
			);
			path = ViewModel;
			sourceTree = "<group>";
		};
		17A585D62935FF2B00365D71 = {
			isa = PBXGroup;
			children = (
				17A585E12935FF2B00365D71 /* FutalaLake */,
				17A585F22935FF2D00365D71 /* FutalaLakeTests */,
				17A585FC2935FF2D00365D71 /* FutalaLakeUITests */,
				17A585E02935FF2B00365D71 /* Products */,
			);
			sourceTree = "<group>";
		};
		17A585E02935FF2B00365D71 /* Products */ = {
			isa = PBXGroup;
			children = (
				17A585DF2935FF2B00365D71 /* FutalaLake.app */,
				17A585EF2935FF2D00365D71 /* FutalaLakeTests.xctest */,
				17A585F92935FF2D00365D71 /* FutalaLakeUITests.xctest */,
			);
			name = Products;
			sourceTree = "<group>";
		};
		17A585E12935FF2B00365D71 /* FutalaLake */ = {
			isa = PBXGroup;
			children = (
				171B402C29CD730A00743095 /* Extras */,
				173A59BB29B0ACD20037AF51 /* Helper */,
				171575042963FA330004F2F8 /* History */,
				17831DCD2955C533005C36D0 /* Profile */,
				17831DCC2955C4CB005C36D0 /* Settings */,
				17831DCB2955C4BF005C36D0 /* Booking */,
				17831DC42955BCDA005C36D0 /* Shared */,
				17BD37872954132F00DA2FE9 /* Home */,
				17545D372942FB10003E3724 /* Extensions */,
				17545D302942EFF5003E3724 /* Utils */,
				177B40BC2941FB4900EDF0F0 /* Auth */,
				17A586102936007100365D71 /* GettingStarted */,
				17A5860F2935FF9B00365D71 /* Services */,
				17A5860E2935FF8E00365D71 /* Resources */,
				17A5860D2935FF7D00365D71 /* Assets */,
				17A5860C2935FF7300365D71 /* Manager */,
				17A585E22935FF2B00365D71 /* FutalaLakeApp.swift */,
				17A585E42935FF2B00365D71 /* ContentView.swift */,
				17A585E82935FF2D00365D71 /* Preview Content */,
				177B40BA2941EBAF00EDF0F0 /* LaunchView.swift */,
			);
			path = FutalaLake;
			sourceTree = "<group>";
		};
		17A585E82935FF2D00365D71 /* Preview Content */ = {
			isa = PBXGroup;
			children = (
				17A585E92935FF2D00365D71 /* Preview Assets.xcassets */,
			);
			path = "Preview Content";
			sourceTree = "<group>";
		};
		17A585F22935FF2D00365D71 /* FutalaLakeTests */ = {
			isa = PBXGroup;
			children = (
				17A585F32935FF2D00365D71 /* FutalaLakeTests.swift */,
			);
			path = FutalaLakeTests;
			sourceTree = "<group>";
		};
		17A585FC2935FF2D00365D71 /* FutalaLakeUITests */ = {
			isa = PBXGroup;
			children = (
				17A585FD2935FF2D00365D71 /* FutalaLakeUITests.swift */,
				17A585FF2935FF2D00365D71 /* FutalaLakeUITestsLaunchTests.swift */,
			);
			path = FutalaLakeUITests;
			sourceTree = "<group>";
		};
		17A5860C2935FF7300365D71 /* Manager */ = {
			isa = PBXGroup;
			children = (
				1733F8E129CAFBBF00D97F2E /* SessionManager.swift */,
			);
			path = Manager;
			sourceTree = "<group>";
		};
		17A5860D2935FF7D00365D71 /* Assets */ = {
			isa = PBXGroup;
			children = (
				17831DC82955BD7A005C36D0 /* Bottombaricons */,
				17A585E62935FF2D00365D71 /* Assets.xcassets */,
			);
			path = Assets;
			sourceTree = "<group>";
		};
		17A5860E2935FF8E00365D71 /* Resources */ = {
			isa = PBXGroup;
			children = (
			);
			path = Resources;
			sourceTree = "<group>";
		};
		17A5860F2935FF9B00365D71 /* Services */ = {
			isa = PBXGroup;
			children = (
			);
			path = Services;
			sourceTree = "<group>";
		};
		17A586102936007100365D71 /* GettingStarted */ = {
			isa = PBXGroup;
			children = (
			);
			path = GettingStarted;
			sourceTree = "<group>";
		};
		17AE976E29BB375600F12E78 /* Model */ = {
			isa = PBXGroup;
			children = (
				173E4CBE29C1E2590004EA52 /* Request */,
				173E4CBF29C1E26A0004EA52 /* Response */,
			);
			path = Model;
			sourceTree = "<group>";
		};
		17AE977129BB38D100F12E78 /* VIewModel */ = {
			isa = PBXGroup;
			children = (
				17AE977229BB38E800F12E78 /* SeatLayoutViewModel.swift */,
			);
			path = VIewModel;
			sourceTree = "<group>";
		};
		17B921E429E7C6C100277C0E /* ViewModel */ = {
			isa = PBXGroup;
			children = (
				17B921E529E7C6D700277C0E /* ProfileViewModel.swift */,
			);
			path = ViewModel;
			sourceTree = "<group>";
		};
		17B921E729E7D2D500277C0E /* Model */ = {
			isa = PBXGroup;
			children = (
				17B921E829E7D2E500277C0E /* ProfileModel.swift */,
			);
			path = Model;
			sourceTree = "<group>";
		};
		17BAE81029E15CE900333A0A /* Model */ = {
			isa = PBXGroup;
			children = (
				17BAE81129E15D0000333A0A /* HistoryDetailsModel.swift */,
			);
			path = Model;
			sourceTree = "<group>";
		};
		17BD37872954132F00DA2FE9 /* Home */ = {
			isa = PBXGroup;
			children = (
				17BD37882954134700DA2FE9 /* TabContainerView.swift */,
			);
			path = Home;
			sourceTree = "<group>";
		};
		17D80F21295EB1C100D861FF /* DateTimeSelection */ = {
			isa = PBXGroup;
			children = (
				179E088A29B5E50600AA4541 /* ViewModel */,
				179E088729B5E09E00AA4541 /* ResponseModel */,
				17D80F27295EB3FC00D861FF /* DateTimeSelectionView.swift */,
			);
			path = DateTimeSelection;
			sourceTree = "<group>";
		};
		17D80F5F296296A700D861FF /* SeatManagement */ = {
			isa = PBXGroup;
			children = (
				17AE977129BB38D100F12E78 /* VIewModel */,
				17AE976E29BB375600F12E78 /* Model */,
				17D80F60296296C300D861FF /* SeatSelectionView.swift */,
				17D80F632962A8D200D861FF /* GateSectionView.swift */,
				17AE976629BB0BDD00F12E78 /* StandingInputDialog.swift */,
			);
			path = SeatManagement;
			sourceTree = "<group>";
		};
		17DFCA3229ACB608005E5DE5 /* VM */ = {
			isa = PBXGroup;
			children = (
				17DFCA3329ACB62F005E5DE5 /* LoginVM.swift */,
			);
			path = VM;
			sourceTree = "<group>";
		};
		17E5709E29D154330011DA87 /* Model */ = {
			isa = PBXGroup;
			children = (
				17E570A029D1569D0011DA87 /* HistoryModel.swift */,
			);
			path = Model;
			sourceTree = "<group>";
		};
		17E5709F29D1543E0011DA87 /* ViewModel */ = {
			isa = PBXGroup;
			children = (
				17E570A229D157570011DA87 /* HistoryViewModel.swift */,
			);
			path = ViewModel;
			sourceTree = "<group>";
		};
		17E570A629D2C8790011DA87 /* CancelTicket */ = {
			isa = PBXGroup;
			children = (
				17BAE81029E15CE900333A0A /* Model */,
				17E570A829D2C8A50011DA87 /* ViewModel */,
				17E570A729D2C8850011DA87 /* VIew */,
			);
			path = CancelTicket;
			sourceTree = "<group>";
		};
		17E570A729D2C8850011DA87 /* VIew */ = {
			isa = PBXGroup;
			children = (
				17E570A429D205310011DA87 /* CancelHistorySeat.swift */,
				17E570AB29D2DDE90011DA87 /* CancelTicketConfirmView.swift */,
				174F1BD4295C172100DAC0D2 /* BookedTicketHistoryView.swift */,
				17BAE80E29E14C3200333A0A /* CancelTicketSeatingCell.swift */,
				17BAE81529E3250100333A0A /* CancelTicketStandingCell.swift */,
			);
			path = VIew;
			sourceTree = "<group>";
		};
		17E570A829D2C8A50011DA87 /* ViewModel */ = {
			isa = PBXGroup;
			children = (
				17E570A929D2C8C30011DA87 /* CancelTicketViewModel.swift */,
			);
			path = ViewModel;
			sourceTree = "<group>";
		};
		17F5134829B1C46B004A7833 /* Login */ = {
			isa = PBXGroup;
			children = (
				17DFCA3229ACB608005E5DE5 /* VM */,
				17F5134929B1C4AD004A7833 /* View */,
				173A59B429B0A66C0037AF51 /* LoginModel */,
			);
			path = Login;
			sourceTree = "<group>";
		};
		17F5134929B1C4AD004A7833 /* View */ = {
			isa = PBXGroup;
			children = (
				177B40BE2941FB8E00EDF0F0 /* LoginView.swift */,
			);
			path = View;
			sourceTree = "<group>";
		};
		17F5134A29B1C57C004A7833 /* OTP */ = {
			isa = PBXGroup;
			children = (
				179E088D29B5F24900AA4541 /* Model */,
				17F5134B29B1C590004A7833 /* ViewModel */,
				177B40BD2941FB4F00EDF0F0 /* View */,
			);
			path = OTP;
			sourceTree = "<group>";
		};
		17F5134B29B1C590004A7833 /* ViewModel */ = {
			isa = PBXGroup;
			children = (
				17F5134C29B1C5A3004A7833 /* OTPViewModel.swift */,
			);
			path = ViewModel;
			sourceTree = "<group>";
		};
		17FC7F952959BF490066D67B /* Cell */ = {
			isa = PBXGroup;
			children = (
				17FC7F962959BF5F0066D67B /* BookingHistoryCellView.swift */,
			);
			path = Cell;
			sourceTree = "<group>";
		};
/* End PBXGroup section */

/* Begin PBXNativeTarget section */
		17A585DE2935FF2B00365D71 /* FutalaLake */ = {
			isa = PBXNativeTarget;
			buildConfigurationList = 17A586032935FF2D00365D71 /* Build configuration list for PBXNativeTarget "FutalaLake" */;
			buildPhases = (
				17A585DB2935FF2B00365D71 /* Sources */,
				17A585DC2935FF2B00365D71 /* Frameworks */,
				17A585DD2935FF2B00365D71 /* Resources */,
			);
			buildRules = (
			);
			dependencies = (
			);
			name = FutalaLake;
			packageProductDependencies = (
			);
			productName = FutalaLake;
			productReference = 17A585DF2935FF2B00365D71 /* FutalaLake.app */;
			productType = "com.apple.product-type.application";
		};
		17A585EE2935FF2D00365D71 /* FutalaLakeTests */ = {
			isa = PBXNativeTarget;
			buildConfigurationList = 17A586062935FF2D00365D71 /* Build configuration list for PBXNativeTarget "FutalaLakeTests" */;
			buildPhases = (
				17A585EB2935FF2D00365D71 /* Sources */,
				17A585EC2935FF2D00365D71 /* Frameworks */,
				17A585ED2935FF2D00365D71 /* Resources */,
			);
			buildRules = (
			);
			dependencies = (
				17A585F12935FF2D00365D71 /* PBXTargetDependency */,
			);
			name = FutalaLakeTests;
			productName = FutalaLakeTests;
			productReference = 17A585EF2935FF2D00365D71 /* FutalaLakeTests.xctest */;
			productType = "com.apple.product-type.bundle.unit-test";
		};
		17A585F82935FF2D00365D71 /* FutalaLakeUITests */ = {
			isa = PBXNativeTarget;
			buildConfigurationList = 17A586092935FF2D00365D71 /* Build configuration list for PBXNativeTarget "FutalaLakeUITests" */;
			buildPhases = (
				17A585F52935FF2D00365D71 /* Sources */,
				17A585F62935FF2D00365D71 /* Frameworks */,
				17A585F72935FF2D00365D71 /* Resources */,
			);
			buildRules = (
			);
			dependencies = (
				17A585FB2935FF2D00365D71 /* PBXTargetDependency */,
			);
			name = FutalaLakeUITests;
			productName = FutalaLakeUITests;
			productReference = 17A585F92935FF2D00365D71 /* FutalaLakeUITests.xctest */;
			productType = "com.apple.product-type.bundle.ui-testing";
		};
/* End PBXNativeTarget section */

/* Begin PBXProject section */
		17A585D72935FF2B00365D71 /* Project object */ = {
			isa = PBXProject;
			attributes = {
				BuildIndependentTargetsInParallel = 1;
				LastSwiftUpdateCheck = 1410;
				LastUpgradeCheck = 1410;
				TargetAttributes = {
					17A585DE2935FF2B00365D71 = {
						CreatedOnToolsVersion = 14.1;
					};
					17A585EE2935FF2D00365D71 = {
						CreatedOnToolsVersion = 14.1;
						TestTargetID = 17A585DE2935FF2B00365D71;
					};
					17A585F82935FF2D00365D71 = {
						CreatedOnToolsVersion = 14.1;
						TestTargetID = 17A585DE2935FF2B00365D71;
					};
				};
			};
			buildConfigurationList = 17A585DA2935FF2B00365D71 /* Build configuration list for PBXProject "FutalaLake" */;
			compatibilityVersion = "Xcode 14.0";
			developmentRegion = en;
			hasScannedForEncodings = 0;
			knownRegions = (
				en,
				Base,
			);
			mainGroup = 17A585D62935FF2B00365D71;
			packageReferences = (
			);
			productRefGroup = 17A585E02935FF2B00365D71 /* Products */;
			projectDirPath = "";
			projectRoot = "";
			targets = (
				17A585DE2935FF2B00365D71 /* FutalaLake */,
				17A585EE2935FF2D00365D71 /* FutalaLakeTests */,
				17A585F82935FF2D00365D71 /* FutalaLakeUITests */,
			);
		};
/* End PBXProject section */

/* Begin PBXResourcesBuildPhase section */
		17A585DD2935FF2B00365D71 /* Resources */ = {
			isa = PBXResourcesBuildPhase;
			buildActionMask = 2147483647;
			files = (
				17831DCA2955BDA5005C36D0 /* bottombar.xcassets in Resources */,
				17A585EA2935FF2D00365D71 /* Preview Assets.xcassets in Resources */,
				17A585E72935FF2D00365D71 /* Assets.xcassets in Resources */,
			);
			runOnlyForDeploymentPostprocessing = 0;
		};
		17A585ED2935FF2D00365D71 /* Resources */ = {
			isa = PBXResourcesBuildPhase;
			buildActionMask = 2147483647;
			files = (
			);
			runOnlyForDeploymentPostprocessing = 0;
		};
		17A585F72935FF2D00365D71 /* Resources */ = {
			isa = PBXResourcesBuildPhase;
			buildActionMask = 2147483647;
			files = (
			);
			runOnlyForDeploymentPostprocessing = 0;
		};
/* End PBXResourcesBuildPhase section */

/* Begin PBXSourcesBuildPhase section */
		17A585DB2935FF2B00365D71 /* Sources */ = {
			isa = PBXSourcesBuildPhase;
			buildActionMask = 2147483647;
			files = (
				171B403129CDCA0D00743095 /* QRSubView.swift in Sources */,
				17E570A529D205310011DA87 /* CancelHistorySeat.swift in Sources */,
				17A1E24329EE75BB0056117B /* BookedActionsView.swift in Sources */,
				17DFCA3629ACB6C0005E5DE5 /* CustomError.swift in Sources */,
				173E4CBD29C079140004EA52 /* BookedSeatModel.swift in Sources */,
				17A585E52935FF2B00365D71 /* ContentView.swift in Sources */,
				179E088F29B5F26300AA4541 /* GetTokenModel.swift in Sources */,
				17DDFC1129530F1500D7A5C9 /* UpcomcommingbookingStatusCell.swift in Sources */,
				171B402F29CD732400743095 /* SeatInventoryModel.swift in Sources */,
				173A59BD29B0ACDE0037AF51 /* KeychainHelper.swift in Sources */,
				173A59BA29B0A6ED0037AF51 /* LoginResponseModel.swift in Sources */,
				177B40BB2941EBAF00EDF0F0 /* LaunchView.swift in Sources */,
				17E570AC29D2DDE90011DA87 /* CancelTicketConfirmView.swift in Sources */,
				17545D3E294308CD003E3724 /* OtpView.swift in Sources */,
				177B40BF2941FB8E00EDF0F0 /* LoginView.swift in Sources */,
				17E570A329D157570011DA87 /* HistoryViewModel.swift in Sources */,
				17BAE81229E15D0000333A0A /* HistoryDetailsModel.swift in Sources */,
				173AB86E296589F100B591A4 /* QRView.swift in Sources */,
				17831DD62955C585005C36D0 /* TransanctionView.swift in Sources */,
				17AE977329BB38E800F12E78 /* SeatLayoutViewModel.swift in Sources */,
				17831DD32955C56B005C36D0 /* SettingView.swift in Sources */,
				17E97DD2295DACC1007FC9C0 /* PayNowView.swift in Sources */,
				17545D362942FA05003E3724 /* AppTheme.swift in Sources */,
				17A585E32935FF2B00365D71 /* FutalaLakeApp.swift in Sources */,
				173AB869296542D400B591A4 /* PaymentSuccessAlertView.swift in Sources */,
				1733F8E529CB1AD300D97F2E /* PaymentSuccessAlertViewModel.swift in Sources */,
				171575072963FBE10004F2F8 /* CheckoutVIew.swift in Sources */,
				17D80F61296296C300D861FF /* SeatSelectionView.swift in Sources */,
				17831DD02955C551005C36D0 /* ProfileView.swift in Sources */,
				17D80F28295EB3FC00D861FF /* DateTimeSelectionView.swift in Sources */,
				17DFCA3429ACB62F005E5DE5 /* LoginVM.swift in Sources */,
				17B921E629E7C6D700277C0E /* ProfileViewModel.swift in Sources */,
				17A1E24729EFC2DD0056117B /* MasterConfigModel.swift in Sources */,
				1753DB9729C47FB6008E3078 /* GlobResponseModel.swift in Sources */,
				1753DB9529C46C12008E3078 /* PaymentViewModel.swift in Sources */,
				17D80F23295EB20500D861FF /* CustomCalendarView.swift in Sources */,
				17A1E24A29EFC3B70056117B /* MasterConfigViewModel.swift in Sources */,
				1746D22929C3160C000385CA /* SubmitBookSeatModel.swift in Sources */,
				17545D3C2943025F003E3724 /* CustomModifiers.swift in Sources */,
				173A59B329B0A53F0037AF51 /* APIService.swift in Sources */,
				1753DB9229C46BDA008E3078 /* PaymentSuccessModel.swift in Sources */,
				176CB8DF2966D275006C71D4 /* RadioButton.swift in Sources */,
				174F1BD5295C172100DAC0D2 /* BookedTicketHistoryView.swift in Sources */,
				173AB86B296551B800B591A4 /* RootManager.swift in Sources */,
				174F1BD1295BFCF800DAC0D2 /* CancelTicketAlertView.swift in Sources */,
				17B921E929E7D2E500277C0E /* ProfileModel.swift in Sources */,
				179E088C29B5E51D00AA4541 /* DateTimeSelectionViewModel.swift in Sources */,
				17545D332942F0BD003E3724 /* CustomTextField.swift in Sources */,
				17E570AA29D2C8C30011DA87 /* CancelTicketViewModel.swift in Sources */,
				17FC7F972959BF5F0066D67B /* BookingHistoryCellView.swift in Sources */,
				1724EEA829CC6DDB00930830 /* UpdatePaymentStatusModel.swift in Sources */,
				1753DB8E29C43755008E3078 /* CommonUtil.swift in Sources */,
				1733F8E229CAFBBF00D97F2E /* SessionManager.swift in Sources */,
				173A59AF29B0732C0037AF51 /* Loader.swift in Sources */,
				1715750D296428990004F2F8 /* ToastView.swift in Sources */,
				1733F8E829CB1CB100D97F2E /* QRModelData.swift in Sources */,
				17831DC72955BCFA005C36D0 /* TopNavItemView.swift in Sources */,
				174F1BCF295B432D00DAC0D2 /* CancelTicketConfirmAlertView.swift in Sources */,
				17F5134D29B1C5A3004A7833 /* OTPViewModel.swift in Sources */,
				179E088929B5E0B500AA4541 /* DateTimeSelectionModel.swift in Sources */,
				17D80F642962A8D200D861FF /* GateSectionView.swift in Sources */,
				17BD37892954134700DA2FE9 /* TabContainerView.swift in Sources */,
				17AE977029BB376A00F12E78 /* SeatLayoutModel.swift in Sources */,
				17BAE80F29E14C3200333A0A /* CancelTicketSeatingCell.swift in Sources */,
				174F1BD3295C0FDA00DAC0D2 /* TicketCancelSuccessAlertView.swift in Sources */,
				17BAE81629E3250100333A0A /* CancelTicketStandingCell.swift in Sources */,
				17545D392942FB2B003E3724 /* Extensions.swift in Sources */,
				17545D4429433829003E3724 /* UpcomingEventCellView.swift in Sources */,
				17E570A129D1569D0011DA87 /* HistoryModel.swift in Sources */,
				173A59B129B0A3ED0037AF51 /* Constants.swift in Sources */,
				17AE976729BB0BDE00F12E78 /* StandingInputDialog.swift in Sources */,
				17545D412943371A003E3724 /* UpcomingEventsView.swift in Sources */,
			);
			runOnlyForDeploymentPostprocessing = 0;
		};
		17A585EB2935FF2D00365D71 /* Sources */ = {
			isa = PBXSourcesBuildPhase;
			buildActionMask = 2147483647;
			files = (
				17A585F42935FF2D00365D71 /* FutalaLakeTests.swift in Sources */,
			);
			runOnlyForDeploymentPostprocessing = 0;
		};
		17A585F52935FF2D00365D71 /* Sources */ = {
			isa = PBXSourcesBuildPhase;
			buildActionMask = 2147483647;
			files = (
				17A586002935FF2D00365D71 /* FutalaLakeUITestsLaunchTests.swift in Sources */,
				17A585FE2935FF2D00365D71 /* FutalaLakeUITests.swift in Sources */,
			);
			runOnlyForDeploymentPostprocessing = 0;
		};
/* End PBXSourcesBuildPhase section */

/* Begin PBXTargetDependency section */
		17A585F12935FF2D00365D71 /* PBXTargetDependency */ = {
			isa = PBXTargetDependency;
			target = 17A585DE2935FF2B00365D71 /* FutalaLake */;
			targetProxy = 17A585F02935FF2D00365D71 /* PBXContainerItemProxy */;
		};
		17A585FB2935FF2D00365D71 /* PBXTargetDependency */ = {
			isa = PBXTargetDependency;
			target = 17A585DE2935FF2B00365D71 /* FutalaLake */;
			targetProxy = 17A585FA2935FF2D00365D71 /* PBXContainerItemProxy */;
		};
/* End PBXTargetDependency section */

/* Begin XCBuildConfiguration section */
		17A586012935FF2D00365D71 /* Debug */ = {
			isa = XCBuildConfiguration;
			buildSettings = {
				ALWAYS_SEARCH_USER_PATHS = NO;
				CLANG_ANALYZER_NONNULL = YES;
				CLANG_ANALYZER_NUMBER_OBJECT_CONVERSION = YES_AGGRESSIVE;
				CLANG_CXX_LANGUAGE_STANDARD = "gnu++20";
				CLANG_ENABLE_MODULES = YES;
				CLANG_ENABLE_OBJC_ARC = YES;
				CLANG_ENABLE_OBJC_WEAK = YES;
				CLANG_WARN_BLOCK_CAPTURE_AUTORELEASING = YES;
				CLANG_WARN_BOOL_CONVERSION = YES;
				CLANG_WARN_COMMA = YES;
				CLANG_WARN_CONSTANT_CONVERSION = YES;
				CLANG_WARN_DEPRECATED_OBJC_IMPLEMENTATIONS = YES;
				CLANG_WARN_DIRECT_OBJC_ISA_USAGE = YES_ERROR;
				CLANG_WARN_DOCUMENTATION_COMMENTS = YES;
				CLANG_WARN_EMPTY_BODY = YES;
				CLANG_WARN_ENUM_CONVERSION = YES;
				CLANG_WARN_INFINITE_RECURSION = YES;
				CLANG_WARN_INT_CONVERSION = YES;
				CLANG_WARN_NON_LITERAL_NULL_CONVERSION = YES;
				CLANG_WARN_OBJC_IMPLICIT_RETAIN_SELF = YES;
				CLANG_WARN_OBJC_LITERAL_CONVERSION = YES;
				CLANG_WARN_OBJC_ROOT_CLASS = YES_ERROR;
				CLANG_WARN_QUOTED_INCLUDE_IN_FRAMEWORK_HEADER = YES;
				CLANG_WARN_RANGE_LOOP_ANALYSIS = YES;
				CLANG_WARN_STRICT_PROTOTYPES = YES;
				CLANG_WARN_SUSPICIOUS_MOVE = YES;
				CLANG_WARN_UNGUARDED_AVAILABILITY = YES_AGGRESSIVE;
				CLANG_WARN_UNREACHABLE_CODE = YES;
				CLANG_WARN__DUPLICATE_METHOD_MATCH = YES;
				COPY_PHASE_STRIP = NO;
				DEBUG_INFORMATION_FORMAT = dwarf;
				ENABLE_STRICT_OBJC_MSGSEND = YES;
				ENABLE_TESTABILITY = YES;
				GCC_C_LANGUAGE_STANDARD = gnu11;
				GCC_DYNAMIC_NO_PIC = NO;
				GCC_NO_COMMON_BLOCKS = YES;
				GCC_OPTIMIZATION_LEVEL = 0;
				GCC_PREPROCESSOR_DEFINITIONS = (
					"DEBUG=1",
					"$(inherited)",
				);
				GCC_WARN_64_TO_32_BIT_CONVERSION = YES;
				GCC_WARN_ABOUT_RETURN_TYPE = YES_ERROR;
				GCC_WARN_UNDECLARED_SELECTOR = YES;
				GCC_WARN_UNINITIALIZED_AUTOS = YES_AGGRESSIVE;
				GCC_WARN_UNUSED_FUNCTION = YES;
				GCC_WARN_UNUSED_VARIABLE = YES;
				IPHONEOS_DEPLOYMENT_TARGET = 15.0;
				MTL_ENABLE_DEBUG_INFO = INCLUDE_SOURCE;
				MTL_FAST_MATH = YES;
				ONLY_ACTIVE_ARCH = YES;
				SDKROOT = iphoneos;
				SWIFT_ACTIVE_COMPILATION_CONDITIONS = DEBUG;
				SWIFT_OPTIMIZATION_LEVEL = "-Onone";
			};
			name = Debug;
		};
		17A586022935FF2D00365D71 /* Release */ = {
			isa = XCBuildConfiguration;
			buildSettings = {
				ALWAYS_SEARCH_USER_PATHS = NO;
				CLANG_ANALYZER_NONNULL = YES;
				CLANG_ANALYZER_NUMBER_OBJECT_CONVERSION = YES_AGGRESSIVE;
				CLANG_CXX_LANGUAGE_STANDARD = "gnu++20";
				CLANG_ENABLE_MODULES = YES;
				CLANG_ENABLE_OBJC_ARC = YES;
				CLANG_ENABLE_OBJC_WEAK = YES;
				CLANG_WARN_BLOCK_CAPTURE_AUTORELEASING = YES;
				CLANG_WARN_BOOL_CONVERSION = YES;
				CLANG_WARN_COMMA = YES;
				CLANG_WARN_CONSTANT_CONVERSION = YES;
				CLANG_WARN_DEPRECATED_OBJC_IMPLEMENTATIONS = YES;
				CLANG_WARN_DIRECT_OBJC_ISA_USAGE = YES_ERROR;
				CLANG_WARN_DOCUMENTATION_COMMENTS = YES;
				CLANG_WARN_EMPTY_BODY = YES;
				CLANG_WARN_ENUM_CONVERSION = YES;
				CLANG_WARN_INFINITE_RECURSION = YES;
				CLANG_WARN_INT_CONVERSION = YES;
				CLANG_WARN_NON_LITERAL_NULL_CONVERSION = YES;
				CLANG_WARN_OBJC_IMPLICIT_RETAIN_SELF = YES;
				CLANG_WARN_OBJC_LITERAL_CONVERSION = YES;
				CLANG_WARN_OBJC_ROOT_CLASS = YES_ERROR;
				CLANG_WARN_QUOTED_INCLUDE_IN_FRAMEWORK_HEADER = YES;
				CLANG_WARN_RANGE_LOOP_ANALYSIS = YES;
				CLANG_WARN_STRICT_PROTOTYPES = YES;
				CLANG_WARN_SUSPICIOUS_MOVE = YES;
				CLANG_WARN_UNGUARDED_AVAILABILITY = YES_AGGRESSIVE;
				CLANG_WARN_UNREACHABLE_CODE = YES;
				CLANG_WARN__DUPLICATE_METHOD_MATCH = YES;
				COPY_PHASE_STRIP = NO;
				DEBUG_INFORMATION_FORMAT = "dwarf-with-dsym";
				ENABLE_NS_ASSERTIONS = NO;
				ENABLE_STRICT_OBJC_MSGSEND = YES;
				GCC_C_LANGUAGE_STANDARD = gnu11;
				GCC_NO_COMMON_BLOCKS = YES;
				GCC_WARN_64_TO_32_BIT_CONVERSION = YES;
				GCC_WARN_ABOUT_RETURN_TYPE = YES_ERROR;
				GCC_WARN_UNDECLARED_SELECTOR = YES;
				GCC_WARN_UNINITIALIZED_AUTOS = YES_AGGRESSIVE;
				GCC_WARN_UNUSED_FUNCTION = YES;
				GCC_WARN_UNUSED_VARIABLE = YES;
				IPHONEOS_DEPLOYMENT_TARGET = 15.0;
				MTL_ENABLE_DEBUG_INFO = NO;
				MTL_FAST_MATH = YES;
				SDKROOT = iphoneos;
				SWIFT_COMPILATION_MODE = wholemodule;
				SWIFT_OPTIMIZATION_LEVEL = "-O";
				VALIDATE_PRODUCT = YES;
			};
			name = Release;
		};
		17A586042935FF2D00365D71 /* Debug */ = {
			isa = XCBuildConfiguration;
			buildSettings = {
				ASSETCATALOG_COMPILER_APPICON_NAME = AppIcon;
				ASSETCATALOG_COMPILER_GLOBAL_ACCENT_COLOR_NAME = AccentColor;
				CODE_SIGN_STYLE = Automatic;
				CURRENT_PROJECT_VERSION = 1;
				DEVELOPMENT_ASSET_PATHS = "\"FutalaLake/Preview Content\"";
				DEVELOPMENT_TEAM = 8LTN4Q26AJ;
				ENABLE_PREVIEWS = YES;
				GENERATE_INFOPLIST_FILE = YES;
				INFOPLIST_KEY_UIApplicationSceneManifest_Generation = YES;
				INFOPLIST_KEY_UIApplicationSupportsIndirectInputEvents = YES;
				INFOPLIST_KEY_UILaunchScreen_Generation = YES;
				INFOPLIST_KEY_UISupportedInterfaceOrientations_iPhone = "UIInterfaceOrientationPortrait UIInterfaceOrientationLandscapeLeft UIInterfaceOrientationLandscapeRight";
				IPHONEOS_DEPLOYMENT_TARGET = 15.0;
				LD_RUNPATH_SEARCH_PATHS = (
					"$(inherited)",
					"@executable_path/Frameworks",
				);
				MARKETING_VERSION = 1.0;
				PRODUCT_BUNDLE_IDENTIFIER = test.FutalaLake;
				PRODUCT_NAME = "$(TARGET_NAME)";
				SWIFT_EMIT_LOC_STRINGS = YES;
				SWIFT_VERSION = 5.0;
				TARGETED_DEVICE_FAMILY = "1,2";
			};
			name = Debug;
		};
		17A586052935FF2D00365D71 /* Release */ = {
			isa = XCBuildConfiguration;
			buildSettings = {
				ASSETCATALOG_COMPILER_APPICON_NAME = AppIcon;
				ASSETCATALOG_COMPILER_GLOBAL_ACCENT_COLOR_NAME = AccentColor;
				CODE_SIGN_STYLE = Automatic;
				CURRENT_PROJECT_VERSION = 1;
				DEVELOPMENT_ASSET_PATHS = "\"FutalaLake/Preview Content\"";
				DEVELOPMENT_TEAM = 8LTN4Q26AJ;
				ENABLE_PREVIEWS = YES;
				GENERATE_INFOPLIST_FILE = YES;
				INFOPLIST_KEY_UIApplicationSceneManifest_Generation = YES;
				INFOPLIST_KEY_UIApplicationSupportsIndirectInputEvents = YES;
				INFOPLIST_KEY_UILaunchScreen_Generation = YES;
				INFOPLIST_KEY_UISupportedInterfaceOrientations_iPhone = "UIInterfaceOrientationPortrait UIInterfaceOrientationLandscapeLeft UIInterfaceOrientationLandscapeRight";
				IPHONEOS_DEPLOYMENT_TARGET = 15.0;
				LD_RUNPATH_SEARCH_PATHS = (
					"$(inherited)",
					"@executable_path/Frameworks",
				);
				MARKETING_VERSION = 1.0;
				PRODUCT_BUNDLE_IDENTIFIER = test.FutalaLake;
				PRODUCT_NAME = "$(TARGET_NAME)";
				SWIFT_EMIT_LOC_STRINGS = YES;
				SWIFT_VERSION = 5.0;
				TARGETED_DEVICE_FAMILY = "1,2";
			};
			name = Release;
		};
		17A586072935FF2D00365D71 /* Debug */ = {
			isa = XCBuildConfiguration;
			buildSettings = {
				ALWAYS_EMBED_SWIFT_STANDARD_LIBRARIES = YES;
				BUNDLE_LOADER = "$(TEST_HOST)";
				CODE_SIGN_STYLE = Automatic;
				CURRENT_PROJECT_VERSION = 1;
				GENERATE_INFOPLIST_FILE = YES;
				IPHONEOS_DEPLOYMENT_TARGET = 16.1;
				MARKETING_VERSION = 1.0;
				PRODUCT_BUNDLE_IDENTIFIER = test.FutalaLakeTests;
				PRODUCT_NAME = "$(TARGET_NAME)";
				SWIFT_EMIT_LOC_STRINGS = NO;
				SWIFT_VERSION = 5.0;
				TARGETED_DEVICE_FAMILY = "1,2";
				TEST_HOST = "$(BUILT_PRODUCTS_DIR)/FutalaLake.app/$(BUNDLE_EXECUTABLE_FOLDER_PATH)/FutalaLake";
			};
			name = Debug;
		};
		17A586082935FF2D00365D71 /* Release */ = {
			isa = XCBuildConfiguration;
			buildSettings = {
				ALWAYS_EMBED_SWIFT_STANDARD_LIBRARIES = YES;
				BUNDLE_LOADER = "$(TEST_HOST)";
				CODE_SIGN_STYLE = Automatic;
				CURRENT_PROJECT_VERSION = 1;
				GENERATE_INFOPLIST_FILE = YES;
				IPHONEOS_DEPLOYMENT_TARGET = 16.1;
				MARKETING_VERSION = 1.0;
				PRODUCT_BUNDLE_IDENTIFIER = test.FutalaLakeTests;
				PRODUCT_NAME = "$(TARGET_NAME)";
				SWIFT_EMIT_LOC_STRINGS = NO;
				SWIFT_VERSION = 5.0;
				TARGETED_DEVICE_FAMILY = "1,2";
				TEST_HOST = "$(BUILT_PRODUCTS_DIR)/FutalaLake.app/$(BUNDLE_EXECUTABLE_FOLDER_PATH)/FutalaLake";
			};
			name = Release;
		};
		17A5860A2935FF2D00365D71 /* Debug */ = {
			isa = XCBuildConfiguration;
			buildSettings = {
				ALWAYS_EMBED_SWIFT_STANDARD_LIBRARIES = YES;
				CODE_SIGN_STYLE = Automatic;
				CURRENT_PROJECT_VERSION = 1;
				GENERATE_INFOPLIST_FILE = YES;
				MARKETING_VERSION = 1.0;
				PRODUCT_BUNDLE_IDENTIFIER = test.FutalaLakeUITests;
				PRODUCT_NAME = "$(TARGET_NAME)";
				SWIFT_EMIT_LOC_STRINGS = NO;
				SWIFT_VERSION = 5.0;
				TARGETED_DEVICE_FAMILY = "1,2";
				TEST_TARGET_NAME = FutalaLake;
			};
			name = Debug;
		};
		17A5860B2935FF2D00365D71 /* Release */ = {
			isa = XCBuildConfiguration;
			buildSettings = {
				ALWAYS_EMBED_SWIFT_STANDARD_LIBRARIES = YES;
				CODE_SIGN_STYLE = Automatic;
				CURRENT_PROJECT_VERSION = 1;
				GENERATE_INFOPLIST_FILE = YES;
				MARKETING_VERSION = 1.0;
				PRODUCT_BUNDLE_IDENTIFIER = test.FutalaLakeUITests;
				PRODUCT_NAME = "$(TARGET_NAME)";
				SWIFT_EMIT_LOC_STRINGS = NO;
				SWIFT_VERSION = 5.0;
				TARGETED_DEVICE_FAMILY = "1,2";
				TEST_TARGET_NAME = FutalaLake;
			};
			name = Release;
		};
/* End XCBuildConfiguration section */

/* Begin XCConfigurationList section */
		17A585DA2935FF2B00365D71 /* Build configuration list for PBXProject "FutalaLake" */ = {
			isa = XCConfigurationList;
			buildConfigurations = (
				17A586012935FF2D00365D71 /* Debug */,
				17A586022935FF2D00365D71 /* Release */,
			);
			defaultConfigurationIsVisible = 0;
			defaultConfigurationName = Release;
		};
		17A586032935FF2D00365D71 /* Build configuration list for PBXNativeTarget "FutalaLake" */ = {
			isa = XCConfigurationList;
			buildConfigurations = (
				17A586042935FF2D00365D71 /* Debug */,
				17A586052935FF2D00365D71 /* Release */,
			);
			defaultConfigurationIsVisible = 0;
			defaultConfigurationName = Release;
		};
		17A586062935FF2D00365D71 /* Build configuration list for PBXNativeTarget "FutalaLakeTests" */ = {
			isa = XCConfigurationList;
			buildConfigurations = (
				17A586072935FF2D00365D71 /* Debug */,
				17A586082935FF2D00365D71 /* Release */,
			);
			defaultConfigurationIsVisible = 0;
			defaultConfigurationName = Release;
		};
		17A586092935FF2D00365D71 /* Build configuration list for PBXNativeTarget "FutalaLakeUITests" */ = {
			isa = XCConfigurationList;
			buildConfigurations = (
				17A5860A2935FF2D00365D71 /* Debug */,
				17A5860B2935FF2D00365D71 /* Release */,
			);
			defaultConfigurationIsVisible = 0;
			defaultConfigurationName = Release;
		};
/* End XCConfigurationList section */
	};
	rootObject = 17A585D72935FF2B00365D71 /* Project object */;
}
